
Microsoft Visual Studio Solution File, Format Version 12.00
# Visual Studio Version 17
VisualStudioVersion = 17.8.34330.188
MinimumVisualStudioVersion = 10.0.40219.1
Project("{9A19103F-16F7-4668-BE54-9A1E7A4F7556}") = "Docker.API", "Docker.API\Docker.API.csproj", "{73FF2DCE-9DCD-410A-9A1A-9F5CB8CE5749}"
EndProject
Project("{2150E333-8FDC-42A3-9474-1A3956D46DE8}") = "Solution Items", "Solution Items", "{F00331C8-E188-4169-9939-71F6106CAC0C}"
	ProjectSection(SolutionItems) = preProject
		.gitignore = .gitignore
		Directory.Packages.props = Directory.Packages.props
	EndProjectSection
EndProject
Global
	GlobalSection(SolutionConfigurationPlatforms) = preSolution
		Debug|Any CPU = Debug|Any CPU
		Release|Any CPU = Release|Any CPU
	EndGlobalSection
	GlobalSection(ProjectConfigurationPlatforms) = postSolution
		{73FF2DCE-9DCD-410A-9A1A-9F5CB8CE5749}.Debug|Any CPU.ActiveCfg = Debug|Any CPU
		{73FF2DCE-9DCD-410A-9A1A-9F5CB8CE5749}.Debug|Any CPU.Build.0 = Debug|Any CPU
		{73FF2DCE-9DCD-410A-9A1A-9F5CB8CE5749}.Release|Any CPU.ActiveCfg = Release|Any CPU
		{73FF2DCE-9DCD-410A-9A1A-9F5CB8CE5749}.Release|Any CPU.Build.0 = Release|Any CPU
	EndGlobalSection
	GlobalSection(SolutionProperties) = preSolution
		HideSolutionNode = FALSE
	EndGlobalSection
	GlobalSection(ExtensibilityGlobals) = postSolution
		SolutionGuid = {D338FB34-C39B-4444-9062-816BF54EDB67}
	EndGlobalSection
EndGlobal
